// !$*UTF8*$!
{
	archiveVersion = 1;
	classes = {
	};
	objectVersion = 46;
	objects = {

/* Begin PBXBuildFile section */
		C21ADC6719EEEF9C002841C4 /* AppDelegate.swift in Sources */ = {isa = PBXBuildFile; fileRef = C21ADC6619EEEF9C002841C4 /* AppDelegate.swift */; };
		C21ADC6919EEEF9C002841C4 /* ViewController.swift in Sources */ = {isa = PBXBuildFile; fileRef = C21ADC6819EEEF9C002841C4 /* ViewController.swift */; };
		C21ADC6C19EEEF9C002841C4 /* Main.storyboard in Resources */ = {isa = PBXBuildFile; fileRef = C21ADC6A19EEEF9C002841C4 /* Main.storyboard */; };
		C21ADC6E19EEEF9C002841C4 /* Images.xcassets in Resources */ = {isa = PBXBuildFile; fileRef = C21ADC6D19EEEF9C002841C4 /* Images.xcassets */; };
		C21ADC7119EEEF9C002841C4 /* LaunchScreen.xib in Resources */ = {isa = PBXBuildFile; fileRef = C21ADC6F19EEEF9C002841C4 /* LaunchScreen.xib */; };
		C21ADC7D19EEEF9C002841C4 /* User_Preference_PlistTests.swift in Sources */ = {isa = PBXBuildFile; fileRef = C21ADC7C19EEEF9C002841C4 /* User_Preference_PlistTests.swift */; };
/* End PBXBuildFile section */

/* Begin PBXContainerItemProxy section */
		C21ADC7719EEEF9C002841C4 /* PBXContainerItemProxy */ = {
			isa = PBXContainerItemProxy;
			containerPortal = C21ADC5919EEEF9C002841C4 /* Project object */;
			proxyType = 1;
			remoteGlobalIDString = C21ADC6019EEEF9C002841C4;
			remoteInfo = "User Preference Plist";
		};
/* End PBXContainerItemProxy section */

/* Begin PBXFileReference section */
		C21ADC6119EEEF9C002841C4 /* User Preference Plist.app */ = {isa = PBXFileReference; explicitFileType = wrapper.application; includeInIndex = 0; path = "User Preference Plist.app"; sourceTree = BUILT_PRODUCTS_DIR; };
		C21ADC6519EEEF9C002841C4 /* Info.plist */ = {isa = PBXFileReference; lastKnownFileType = text.plist.xml; path = Info.plist; sourceTree = "<group>"; };
		C21ADC6619EEEF9C002841C4 /* AppDelegate.swift */ = {isa = PBXFileReference; lastKnownFileType = sourcecode.swift; path = AppDelegate.swift; sourceTree = "<group>"; };
		C21ADC6819EEEF9C002841C4 /* ViewController.swift */ = {isa = PBXFileReference; lastKnownFileType = sourcecode.swift; path = ViewController.swift; sourceTree = "<group>"; };
		C21ADC6B19EEEF9C002841C4 /* Base */ = {isa = PBXFileReference; lastKnownFileType = file.storyboard; name = Base; path = Base.lproj/Main.storyboard; sourceTree = "<group>"; };
		C21ADC6D19EEEF9C002841C4 /* Images.xcassets */ = {isa = PBXFileReference; lastKnownFileType = folder.assetcatalog; path = Images.xcassets; sourceTree = "<group>"; };
		C21ADC7019EEEF9C002841C4 /* Base */ = {isa = PBXFileReference; lastKnownFileType = file.xib; name = Base; path = Base.lproj/LaunchScreen.xib; sourceTree = "<group>"; };
		C21ADC7619EEEF9C002841C4 /* User Preference PlistTests.xctest */ = {isa = PBXFileReference; explicitFileType = wrapper.cfbundle; includeInIndex = 0; path = "User Preference PlistTests.xctest"; sourceTree = BUILT_PRODUCTS_DIR; };
		C21ADC7B19EEEF9C002841C4 /* Info.plist */ = {isa = PBXFileReference; lastKnownFileType = text.plist.xml; path = Info.plist; sourceTree = "<group>"; };
		C21ADC7C19EEEF9C002841C4 /* User_Preference_PlistTests.swift */ = {isa = PBXFileReference; lastKnownFileType = sourcecode.swift; path = User_Preference_PlistTests.swift; sourceTree = "<group>"; };
/* End PBXFileReference section */

/* Begin PBXFrameworksBuildPhase section */
		C21ADC5E19EEEF9C002841C4 /* Frameworks */ = {
			isa = PBXFrameworksBuildPhase;
			buildActionMask = 2147483647;
			files = (
			);
			runOnlyForDeploymentPostprocessing = 0;
		};
		C21ADC7319EEEF9C002841C4 /* Frameworks */ = {
			isa = PBXFrameworksBuildPhase;
			buildActionMask = 2147483647;
			files = (
			);
			runOnlyForDeploymentPostprocessing = 0;
		};
/* End PBXFrameworksBuildPhase section */

/* Begin PBXGroup section */
		C21ADC5819EEEF9C002841C4 = {
			isa = PBXGroup;
			children = (
				C21ADC6319EEEF9C002841C4 /* User Preference Plist */,
				C21ADC7919EEEF9C002841C4 /* User Preference PlistTests */,
				C21ADC6219EEEF9C002841C4 /* Products */,
			);
			sourceTree = "<group>";
		};
		C21ADC6219EEEF9C002841C4 /* Products */ = {
			isa = PBXGroup;
			children = (
				C21ADC6119EEEF9C002841C4 /* User Preference Plist.app */,
				C21ADC7619EEEF9C002841C4 /* User Preference PlistTests.xctest */,
			);
			name = Products;
			sourceTree = "<group>";
		};
		C21ADC6319EEEF9C002841C4 /* User Preference Plist */ = {
			isa = PBXGroup;
			children = (
				C21ADC6619EEEF9C002841C4 /* AppDelegate.swift */,
				C21ADC6819EEEF9C002841C4 /* ViewController.swift */,
				C21ADC6A19EEEF9C002841C4 /* Main.storyboard */,
				C21ADC6D19EEEF9C002841C4 /* Images.xcassets */,
				C21ADC6F19EEEF9C002841C4 /* LaunchScreen.xib */,
				C21ADC6419EEEF9C002841C4 /* Supporting Files */,
			);
			path = "User Preference Plist";
			sourceTree = "<group>";
		};
		C21ADC6419EEEF9C002841C4 /* Supporting Files */ = {
			isa = PBXGroup;
			children = (
				C21ADC6519EEEF9C002841C4 /* Info.plist */,
			);
			name = "Supporting Files";
			sourceTree = "<group>";
		};
		C21ADC7919EEEF9C002841C4 /* User Preference PlistTests */ = {
			isa = PBXGroup;
			children = (
				C21ADC7C19EEEF9C002841C4 /* User_Preference_PlistTests.swift */,
				C21ADC7A19EEEF9C002841C4 /* Supporting Files */,
			);
			path = "User Preference PlistTests";
			sourceTree = "<group>";
		};
		C21ADC7A19EEEF9C002841C4 /* Supporting Files */ = {
			isa = PBXGroup;
			children = (
				C21ADC7B19EEEF9C002841C4 /* Info.plist */,
			);
			name = "Supporting Files";
			sourceTree = "<group>";
		};
/* End PBXGroup section */

/* Begin PBXNativeTarget section */
		C21ADC6019EEEF9C002841C4 /* User Preference Plist */ = {
			isa = PBXNativeTarget;
			buildConfigurationList = C21ADC8019EEEF9C002841C4 /* Build configuration list for PBXNativeTarget "User Preference Plist" */;
			buildPhases = (
				C21ADC5D19EEEF9C002841C4 /* Sources */,
				C21ADC5E19EEEF9C002841C4 /* Frameworks */,
				C21ADC5F19EEEF9C002841C4 /* Resources */,
			);
			buildRules = (
			);
			dependencies = (
			);
			name = "User Preference Plist";
			productName = "User Preference Plist";
			productReference = C21ADC6119EEEF9C002841C4 /* User Preference Plist.app */;
			productType = "com.apple.product-type.application";
		};
		C21ADC7519EEEF9C002841C4 /* User Preference PlistTests */ = {
			isa = PBXNativeTarget;
			buildConfigurationList = C21ADC8319EEEF9C002841C4 /* Build configuration list for PBXNativeTarget "User Preference PlistTests" */;
			buildPhases = (
				C21ADC7219EEEF9C002841C4 /* Sources */,
				C21ADC7319EEEF9C002841C4 /* Frameworks */,
				C21ADC7419EEEF9C002841C4 /* Resources */,
			);
			buildRules = (
			);
			dependencies = (
				C21ADC7819EEEF9C002841C4 /* PBXTargetDependency */,
			);
			name = "User Preference PlistTests";
			productName = "User Preference PlistTests";
			productReference = C21ADC7619EEEF9C002841C4 /* User Preference PlistTests.xctest */;
			productType = "com.apple.product-type.bundle.unit-test";
		};
/* End PBXNativeTarget section */

/* Begin PBXProject section */
		C21ADC5919EEEF9C002841C4 /* Project object */ = {
			isa = PBXProject;
			attributes = {
				LastUpgradeCheck = 0610;
				ORGANIZATIONNAME = "Jason Ash";
				TargetAttributes = {
					C21ADC6019EEEF9C002841C4 = {
						CreatedOnToolsVersion = 6.1;
					};
					C21ADC7519EEEF9C002841C4 = {
						CreatedOnToolsVersion = 6.1;
						TestTargetID = C21ADC6019EEEF9C002841C4;
					};
				};
			};
			buildConfigurationList = C21ADC5C19EEEF9C002841C4 /* Build configuration list for PBXProject "User Preference Plist" */;
			compatibilityVersion = "Xcode 3.2";
			developmentRegion = English;
			hasScannedForEncodings = 0;
			knownRegions = (
				en,
				Base,
			);
			mainGroup = C21ADC5819EEEF9C002841C4;
			productRefGroup = C21ADC6219EEEF9C002841C4 /* Products */;
			projectDirPath = "";
			projectRoot = "";
			targets = (
				C21ADC6019EEEF9C002841C4 /* User Preference Plist */,
				C21ADC7519EEEF9C002841C4 /* User Preference PlistTests */,
			);
		};
/* End PBXProject section */

/* Begin PBXResourcesBuildPhase section */
		C21ADC5F19EEEF9C002841C4 /* Resources */ = {
			isa = PBXResourcesBuildPhase;
			buildActionMask = 2147483647;
			files = (
				C21ADC6C19EEEF9C002841C4 /* Main.storyboard in Resources */,
				C21ADC7119EEEF9C002841C4 /* LaunchScreen.xib in Resources */,
				C21ADC6E19EEEF9C002841C4 /* Images.xcassets in Resources */,
			);
			runOnlyForDeploymentPostprocessing = 0;
		};
		C21ADC7419EEEF9C002841C4 /* Resources */ = {
			isa = PBXResourcesBuildPhase;
			buildActionMask = 2147483647;
			files = (
			);
			runOnlyForDeploymentPostprocessing = 0;
		};
/* End PBXResourcesBuildPhase section */

/* Begin PBXSourcesBuildPhase section */
		C21ADC5D19EEEF9C002841C4 /* Sources */ = {
			isa = PBXSourcesBuildPhase;
			buildActionMask = 2147483647;
			files = (
				C21ADC6919EEEF9C002841C4 /* ViewController.swift in Sources */,
				C21ADC6719EEEF9C002841C4 /* AppDelegate.swift in Sources */,
			);
			runOnlyForDeploymentPostprocessing = 0;
		};
		C21ADC7219EEEF9C002841C4 /* Sources */ = {
			isa = PBXSourcesBuildPhase;
			buildActionMask = 2147483647;
			files = (
				C21ADC7D19EEEF9C002841C4 /* User_Preference_PlistTests.swift in Sources */,
			);
			runOnlyForDeploymentPostprocessing = 0;
		};
/* End PBXSourcesBuildPhase section */

/* Begin PBXTargetDependency section */
		C21ADC7819EEEF9C002841C4 /* PBXTargetDependency */ = {
			isa = PBXTargetDependency;
			target = C21ADC6019EEEF9C002841C4 /* User Preference Plist */;
			targetProxy = C21ADC7719EEEF9C002841C4 /* PBXContainerItemProxy */;
		};
/* End PBXTargetDependency section */

/* Begin PBXVariantGroup section */
		C21ADC6A19EEEF9C002841C4 /* Main.storyboard */ = {
			isa = PBXVariantGroup;
			children = (
				C21ADC6B19EEEF9C002841C4 /* Base */,
			);
			name = Main.storyboard;
			sourceTree = "<group>";
		};
		C21ADC6F19EEEF9C002841C4 /* LaunchScreen.xib */ = {
			isa = PBXVariantGroup;
			children = (
				C21ADC7019EEEF9C002841C4 /* Base */,
			);
			name = LaunchScreen.xib;
			sourceTree = "<group>";
		};
/* End PBXVariantGroup section */

/* Begin XCBuildConfiguration section */
		C21ADC7E19EEEF9C002841C4 /* Debug */ = {
			isa = XCBuildConfiguration;
			buildSettings = {
				ALWAYS_SEARCH_USER_PATHS = NO;
				CLANG_CXX_LANGUAGE_STANDARD = "gnu++0x";
				CLANG_CXX_LIBRARY = "libc++";
				CLANG_ENABLE_MODULES = YES;
				CLANG_ENABLE_OBJC_ARC = YES;
				CLANG_WARN_BOOL_CONVERSION = YES;
				CLANG_WARN_CONSTANT_CONVERSION = YES;
				CLANG_WARN_DIRECT_OBJC_ISA_USAGE = YES_ERROR;
				CLANG_WARN_EMPTY_BODY = YES;
				CLANG_WARN_ENUM_CONVERSION = YES;
				CLANG_WARN_INT_CONVERSION = YES;
				CLANG_WARN_OBJC_ROOT_CLASS = YES_ERROR;
				CLANG_WARN_UNREACHABLE_CODE = YES;
				CLANG_WARN__DUPLICATE_METHOD_MATCH = YES;
				"CODE_SIGN_IDENTITY[sdk=iphoneos*]" = "iPhone Developer";
				COPY_PHASE_STRIP = NO;
				ENABLE_STRICT_OBJC_MSGSEND = YES;
				GCC_C_LANGUAGE_STANDARD = gnu99;
				GCC_DYNAMIC_NO_PIC = NO;
				GCC_OPTIMIZATION_LEVEL = 0;
				GCC_PREPROCESSOR_DEFINITIONS = (
					"DEBUG=1",
					"$(inherited)",
				);
				GCC_SYMBOLS_PRIVATE_EXTERN = NO;
				GCC_WARN_64_TO_32_BIT_CONVERSION = YES;
				GCC_WARN_ABOUT_RETURN_TYPE = YES_ERROR;
				GCC_WARN_UNDECLARED_SELECTOR = YES;
				GCC_WARN_UNINITIALIZED_AUTOS = YES_AGGRESSIVE;
				GCC_WARN_UNUSED_FUNCTION = YES;
				GCC_WARN_UNUSED_VARIABLE = YES;
				IPHONEOS_DEPLOYMENT_TARGET = 8.1;
				MTL_ENABLE_DEBUG_INFO = YES;
				ONLY_ACTIVE_ARCH = YES;
				SDKROOT = iphoneos;
				SWIFT_OPTIMIZATION_LEVEL = "-Onone";
			};
			name = Debug;
		};
		C21ADC7F19EEEF9C002841C4 /* Release */ = {
			isa = XCBuildConfiguration;
			buildSettings = {
				ALWAYS_SEARCH_USER_PATHS = NO;
				CLANG_CXX_LANGUAGE_STANDARD = "gnu++0x";
				CLANG_CXX_LIBRARY = "libc++";
				CLANG_ENABLE_MODULES = YES;
				CLANG_ENABLE_OBJC_ARC = YES;
				CLANG_WARN_BOOL_CONVERSION = YES;
				CLANG_WARN_CONSTANT_CONVERSION = YES;
				CLANG_WARN_DIRECT_OBJC_ISA_USAGE = YES_ERROR;
				CLANG_WARN_EMPTY_BODY = YES;
				CLANG_WARN_ENUM_CONVERSION = YES;
				CLANG_WARN_INT_CONVERSION = YES;
				CLANG_WARN_OBJC_ROOT_CLASS = YES_ERROR;
				CLANG_WARN_UNREACHABLE_CODE = YES;
				CLANG_WARN__DUPLICATE_METHOD_MATCH = YES;
				"CODE_SIGN_IDENTITY[sdk=iphoneos*]" = "iPhone Developer";
				COPY_PHASE_STRIP = YES;
				ENABLE_NS_ASSERTIONS = NO;
				ENABLE_STRICT_OBJC_MSGSEND = YES;
				GCC_C_LANGUAGE_STANDARD = gnu99;
				GCC_WARN_64_TO_32_BIT_CONVERSION = YES;
				GCC_WARN_ABOUT_RETURN_TYPE = YES_ERROR;
				GCC_WARN_UNDECLARED_SELECTOR = YES;
				GCC_WARN_UNINITIALIZED_AUTOS = YES_AGGRESSIVE;
				GCC_WARN_UNUSED_FUNCTION = YES;
				GCC_WARN_UNUSED_VARIABLE = YES;
				IPHONEOS_DEPLOYMENT_TARGET = 8.1;
				MTL_ENABLE_DEBUG_INFO = NO;
				SDKROOT = iphoneos;
				VALIDATE_PRODUCT = YES;
			};
			name = Release;
		};
		C21ADC8119EEEF9C002841C4 /* Debug */ = {
			isa = XCBuildConfiguration;
			buildSettings = {
				ASSETCATALOG_COMPILER_APPICON_NAME = AppIcon;
				INFOPLIST_FILE = "User Preference Plist/Info.plist";
				LD_RUNPATH_SEARCH_PATHS = "$(inherited) @executable_path/Frameworks";
				PRODUCT_NAME = "$(TARGET_NAME)";
			};
			name = Debug;
		};
		C21ADC8219EEEF9C002841C4 /* Release */ = {
			isa = XCBuildConfiguration;
			buildSettings = {
				ASSETCATALOG_COMPILER_APPICON_NAME = AppIcon;
				INFOPLIST_FILE = "User Preference Plist/Info.plist";
				LD_RUNPATH_SEARCH_PATHS = "$(inherited) @executable_path/Frameworks";
				PRODUCT_NAME = "$(TARGET_NAME)";
			};
			name = Release;
		};
		C21ADC8419EEEF9C002841C4 /* Debug */ = {
			isa = XCBuildConfiguration;
			buildSettings = {
				BUNDLE_LOADER = "$(TEST_HOST)";
				FRAMEWORK_SEARCH_PATHS = (
					"$(SDKROOT)/Developer/Library/Frameworks",
					"$(inherited)",
				);
				GCC_PREPROCESSOR_DEFINITIONS = (
					"DEBUG=1",
					"$(inherited)",
				);
				INFOPLIST_FILE = "User Preference PlistTests/Info.plist";
				LD_RUNPATH_SEARCH_PATHS = "$(inherited) @executable_path/Frameworks @loader_path/Frameworks";
				PRODUCT_NAME = "$(TARGET_NAME)";
				TEST_HOST = "$(BUILT_PRODUCTS_DIR)/User Preference Plist.app/User Preference Plist";
			};
			name = Debug;
		};
		C21ADC8519EEEF9C002841C4 /* Release */ = {
			isa = XCBuildConfiguration;
			buildSettings = {
				BUNDLE_LOADER = "$(TEST_HOST)";
				FRAMEWORK_SEARCH_PATHS = (
					"$(SDKROOT)/Developer/Library/Frameworks",
					"$(inherited)",
				);
				INFOPLIST_FILE = "User Preference PlistTests/Info.plist";
				LD_RUNPATH_SEARCH_PATHS = "$(inherited) @executable_path/Frameworks @loader_path/Frameworks";
				PRODUCT_NAME = "$(TARGET_NAME)";
				TEST_HOST = "$(BUILT_PRODUCTS_DIR)/User Preference Plist.app/User Preference Plist";
			};
			name = Release;
		};
/* End XCBuildConfiguration section */

/* Begin XCConfigurationList section */
		C21ADC5C19EEEF9C002841C4 /* Build configuration list for PBXProject "User Preference Plist" */ = {
			isa = XCConfigurationList;
			buildConfigurations = (
				C21ADC7E19EEEF9C002841C4 /* Debug */,
				C21ADC7F19EEEF9C002841C4 /* Release */,
			);
			defaultConfigurationIsVisible = 0;
			defaultConfigurationName = Release;
		};
		C21ADC8019EEEF9C002841C4 /* Build configuration list for PBXNativeTarget "User Preference Plist" */ = {
			isa = XCConfigurationList;
			buildConfigurations = (
				C21ADC8119EEEF9C002841C4 /* Debug */,
				C21ADC8219EEEF9C002841C4 /* Release */,
			);
			defaultConfigurationIsVisible = 0;
		};
		C21ADC8319EEEF9C002841C4 /* Build configuration list for PBXNativeTarget "User Preference PlistTests" */ = {
			isa = XCConfigurationList;
			buildConfigurations = (
				C21ADC8419EEEF9C002841C4 /* Debug */,
				C21ADC8519EEEF9C002841C4 /* Release */,
			);
			defaultConfigurationIsVisible = 0;
		};
/* End XCConfigurationList section */
	};
	rootObject = C21ADC5919EEEF9C002841C4 /* Project object */;
}
